{
  "requires": true,
  "lockfileVersion": 1,
  "dependencies": {
    "uview-ui": {
      "version": "2.0.19",
      "resolved": "https://registry.npmmirror.com/uview-ui/download/uview-ui-2.0.19.tgz",
      "integrity": "sha512-ddZiaP7R9wsUxMzAuhuXgh5OswgCm2lKuulTqjnRXFr0uUWsgL1iBifU3GbOwpwP0LtTHKJOo9rYv1LP0WXmzA=="
    }
  }
}
